// !$*UTF8*$!
{
	archiveVersion = 1;
	classes = {
	};
	objectVersion = 56;
	objects = {

/* Begin PBXBuildFile section */
		C916B8EA2C104D730050AEF5 /* AppDelegate.swift in Sources */ = {isa = PBXBuildFile; fileRef = C916B8E92C104D730050AEF5 /* AppDelegate.swift */; };
		C916B8EC2C104D730050AEF5 /* SceneDelegate.swift in Sources */ = {isa = PBXBuildFile; fileRef = C916B8EB2C104D730050AEF5 /* SceneDelegate.swift */; };
		C916B8EE2C104D730050AEF5 /* ViewController.swift in Sources */ = {isa = PBXBuildFile; fileRef = C916B8ED2C104D730050AEF5 /* ViewController.swift */; };
		C916B8F42C104D730050AEF5 /* LottoLog.xcdatamodeld in Sources */ = {isa = PBXBuildFile; fileRef = C916B8F22C104D730050AEF5 /* LottoLog.xcdatamodeld */; };
		C916B8F62C104D740050AEF5 /* Assets.xcassets in Resources */ = {isa = PBXBuildFile; fileRef = C916B8F52C104D740050AEF5 /* Assets.xcassets */; };
		C916B8F92C104D740050AEF5 /* Base in Resources */ = {isa = PBXBuildFile; fileRef = C916B8F82C104D740050AEF5 /* Base */; };
		C916B9012C104E3B0050AEF5 /* privateKey.swift in Sources */ = {isa = PBXBuildFile; fileRef = C916B9002C104E3B0050AEF5 /* privateKey.swift */; };
		C916B9042C1055F60050AEF5 /* Alamofire in Frameworks */ = {isa = PBXBuildFile; productRef = C916B9032C1055F60050AEF5 /* Alamofire */; };
		C916B9072C1056030050AEF5 /* SnapKit in Frameworks */ = {isa = PBXBuildFile; productRef = C916B9062C1056030050AEF5 /* SnapKit */; };
		C916B90A2C1060430050AEF5 /* Lotto.swift in Sources */ = {isa = PBXBuildFile; fileRef = C916B9092C1060430050AEF5 /* Lotto.swift */; };
		C916B90F2C1081DA0050AEF5 /* CircleView.swift in Sources */ = {isa = PBXBuildFile; fileRef = C916B90E2C1081DA0050AEF5 /* CircleView.swift */; };
/* End PBXBuildFile section */

/* Begin PBXFileReference section */
		C916B8E62C104D730050AEF5 /* LottoLog.app */ = {isa = PBXFileReference; explicitFileType = wrapper.application; includeInIndex = 0; path = LottoLog.app; sourceTree = BUILT_PRODUCTS_DIR; };
		C916B8E92C104D730050AEF5 /* AppDelegate.swift */ = {isa = PBXFileReference; lastKnownFileType = sourcecode.swift; path = AppDelegate.swift; sourceTree = "<group>"; };
		C916B8EB2C104D730050AEF5 /* SceneDelegate.swift */ = {isa = PBXFileReference; lastKnownFileType = sourcecode.swift; path = SceneDelegate.swift; sourceTree = "<group>"; };
		C916B8ED2C104D730050AEF5 /* ViewController.swift */ = {isa = PBXFileReference; lastKnownFileType = sourcecode.swift; path = ViewController.swift; sourceTree = "<group>"; };
		C916B8F32C104D730050AEF5 /* LottoLog.xcdatamodel */ = {isa = PBXFileReference; lastKnownFileType = wrapper.xcdatamodel; path = LottoLog.xcdatamodel; sourceTree = "<group>"; };
		C916B8F52C104D740050AEF5 /* Assets.xcassets */ = {isa = PBXFileReference; lastKnownFileType = folder.assetcatalog; path = Assets.xcassets; sourceTree = "<group>"; };
		C916B8F82C104D740050AEF5 /* Base */ = {isa = PBXFileReference; lastKnownFileType = file.storyboard; name = Base; path = Base.lproj/LaunchScreen.storyboard; sourceTree = "<group>"; };
		C916B8FA2C104D740050AEF5 /* Info.plist */ = {isa = PBXFileReference; lastKnownFileType = text.plist.xml; path = Info.plist; sourceTree = "<group>"; };
		C916B9002C104E3B0050AEF5 /* privateKey.swift */ = {isa = PBXFileReference; lastKnownFileType = sourcecode.swift; path = privateKey.swift; sourceTree = "<group>"; };
		C916B9092C1060430050AEF5 /* Lotto.swift */ = {isa = PBXFileReference; lastKnownFileType = sourcecode.swift; path = Lotto.swift; sourceTree = "<group>"; };
		C916B90E2C1081DA0050AEF5 /* CircleView.swift */ = {isa = PBXFileReference; lastKnownFileType = sourcecode.swift; path = CircleView.swift; sourceTree = "<group>"; };
/* End PBXFileReference section */

/* Begin PBXFrameworksBuildPhase section */
		C916B8E32C104D730050AEF5 /* Frameworks */ = {
			isa = PBXFrameworksBuildPhase;
			buildActionMask = 2147483647;
			files = (
				C916B9042C1055F60050AEF5 /* Alamofire in Frameworks */,
				C916B9072C1056030050AEF5 /* SnapKit in Frameworks */,
			);
			runOnlyForDeploymentPostprocessing = 0;
		};
/* End PBXFrameworksBuildPhase section */

/* Begin PBXGroup section */
		C916B8DD2C104D730050AEF5 = {
			isa = PBXGroup;
			children = (
				C916B8E82C104D730050AEF5 /* LottoLog */,
				C916B8E72C104D730050AEF5 /* Products */,
			);
			sourceTree = "<group>";
		};
		C916B8E72C104D730050AEF5 /* Products */ = {
			isa = PBXGroup;
			children = (
				C916B8E62C104D730050AEF5 /* LottoLog.app */,
			);
			name = Products;
			sourceTree = "<group>";
		};
		C916B8E82C104D730050AEF5 /* LottoLog */ = {
			isa = PBXGroup;
			children = (
				C916B90B2C1061850050AEF5 /* DesignSystem */,
				C916B9082C105F930050AEF5 /* Model */,
				C916B8E92C104D730050AEF5 /* AppDelegate.swift */,
				C916B8EB2C104D730050AEF5 /* SceneDelegate.swift */,
				C916B8ED2C104D730050AEF5 /* ViewController.swift */,
				C916B8F52C104D740050AEF5 /* Assets.xcassets */,
				C916B8F72C104D740050AEF5 /* LaunchScreen.storyboard */,
				C916B8FA2C104D740050AEF5 /* Info.plist */,
				C916B8F22C104D730050AEF5 /* LottoLog.xcdatamodeld */,
				C916B9002C104E3B0050AEF5 /* privateKey.swift */,
			);
			path = LottoLog;
			sourceTree = "<group>";
		};
		C916B9082C105F930050AEF5 /* Model */ = {
			isa = PBXGroup;
			children = (
				C916B9092C1060430050AEF5 /* Lotto.swift */,
			);
			path = Model;
			sourceTree = "<group>";
		};
		C916B90B2C1061850050AEF5 /* DesignSystem */ = {
			isa = PBXGroup;
			children = (
				C916B90E2C1081DA0050AEF5 /* CircleView.swift */,
			);
			path = DesignSystem;
			sourceTree = "<group>";
		};
/* End PBXGroup section */

/* Begin PBXNativeTarget section */
		C916B8E52C104D730050AEF5 /* LottoLog */ = {
			isa = PBXNativeTarget;
			buildConfigurationList = C916B8FD2C104D740050AEF5 /* Build configuration list for PBXNativeTarget "LottoLog" */;
			buildPhases = (
				C916B8E22C104D730050AEF5 /* Sources */,
				C916B8E32C104D730050AEF5 /* Frameworks */,
				C916B8E42C104D730050AEF5 /* Resources */,
			);
			buildRules = (
			);
			dependencies = (
			);
			name = LottoLog;
			packageProductDependencies = (
				C916B9032C1055F60050AEF5 /* Alamofire */,
				C916B9062C1056030050AEF5 /* SnapKit */,
			);
			productName = LottoLog;
			productReference = C916B8E62C104D730050AEF5 /* LottoLog.app */;
			productType = "com.apple.product-type.application";
		};
/* End PBXNativeTarget section */

/* Begin PBXProject section */
		C916B8DE2C104D730050AEF5 /* Project object */ = {
			isa = PBXProject;
			attributes = {
				BuildIndependentTargetsInParallel = 1;
				LastSwiftUpdateCheck = 1530;
				LastUpgradeCheck = 1530;
				TargetAttributes = {
					C916B8E52C104D730050AEF5 = {
						CreatedOnToolsVersion = 15.3;
					};
				};
			};
			buildConfigurationList = C916B8E12C104D730050AEF5 /* Build configuration list for PBXProject "LottoLog" */;
			compatibilityVersion = "Xcode 14.0";
			developmentRegion = en;
			hasScannedForEncodings = 0;
			knownRegions = (
				en,
				Base,
			);
			mainGroup = C916B8DD2C104D730050AEF5;
			packageReferences = (
				C916B9022C1055F60050AEF5 /* XCRemoteSwiftPackageReference "Alamofire" */,
				C916B9052C1056030050AEF5 /* XCRemoteSwiftPackageReference "SnapKit" */,
			);
			productRefGroup = C916B8E72C104D730050AEF5 /* Products */;
			projectDirPath = "";
			projectRoot = "";
			targets = (
				C916B8E52C104D730050AEF5 /* LottoLog */,
			);
		};
/* End PBXProject section */

/* Begin PBXResourcesBuildPhase section */
		C916B8E42C104D730050AEF5 /* Resources */ = {
			isa = PBXResourcesBuildPhase;
			buildActionMask = 2147483647;
			files = (
				C916B8F62C104D740050AEF5 /* Assets.xcassets in Resources */,
				C916B8F92C104D740050AEF5 /* Base in Resources */,
			);
			runOnlyForDeploymentPostprocessing = 0;
		};
/* End PBXResourcesBuildPhase section */

/* Begin PBXSourcesBuildPhase section */
		C916B8E22C104D730050AEF5 /* Sources */ = {
			isa = PBXSourcesBuildPhase;
			buildActionMask = 2147483647;
			files = (
				C916B90A2C1060430050AEF5 /* Lotto.swift in Sources */,
				C916B8EE2C104D730050AEF5 /* ViewController.swift in Sources */,
				C916B8F42C104D730050AEF5 /* LottoLog.xcdatamodeld in Sources */,
				C916B8EA2C104D730050AEF5 /* AppDelegate.swift in Sources */,
				C916B8EC2C104D730050AEF5 /* SceneDelegate.swift in Sources */,
				C916B9012C104E3B0050AEF5 /* privateKey.swift in Sources */,
				C916B90F2C1081DA0050AEF5 /* CircleView.swift in Sources */,
			);
			runOnlyForDeploymentPostprocessing = 0;
		};
/* End PBXSourcesBuildPhase section */

/* Begin PBXVariantGroup section */
		C916B8F72C104D740050AEF5 /* LaunchScreen.storyboard */ = {
			isa = PBXVariantGroup;
			children = (
				C916B8F82C104D740050AEF5 /* Base */,
			);
			name = LaunchScreen.storyboard;
			sourceTree = "<group>";
		};
/* End PBXVariantGroup section */

/* Begin XCBuildConfiguration section */
		C916B8FB2C104D740050AEF5 /* Debug */ = {
			isa = XCBuildConfiguration;
			buildSettings = {
				ALWAYS_SEARCH_USER_PATHS = NO;
				ASSETCATALOG_COMPILER_GENERATE_SWIFT_ASSET_SYMBOL_EXTENSIONS = YES;
				CLANG_ANALYZER_NONNULL = YES;
				CLANG_ANALYZER_NUMBER_OBJECT_CONVERSION = YES_AGGRESSIVE;
				CLANG_CXX_LANGUAGE_STANDARD = "gnu++20";
				CLANG_ENABLE_MODULES = YES;
				CLANG_ENABLE_OBJC_ARC = YES;
				CLANG_ENABLE_OBJC_WEAK = YES;
				CLANG_WARN_BLOCK_CAPTURE_AUTORELEASING = YES;
				CLANG_WARN_BOOL_CONVERSION = YES;
				CLANG_WARN_COMMA = YES;
				CLANG_WARN_CONSTANT_CONVERSION = YES;
				CLANG_WARN_DEPRECATED_OBJC_IMPLEMENTATIONS = YES;
				CLANG_WARN_DIRECT_OBJC_ISA_USAGE = YES_ERROR;
				CLANG_WARN_DOCUMENTATION_COMMENTS = YES;
				CLANG_WARN_EMPTY_BODY = YES;
				CLANG_WARN_ENUM_CONVERSION = YES;
				CLANG_WARN_INFINITE_RECURSION = YES;
				CLANG_WARN_INT_CONVERSION = YES;
				CLANG_WARN_NON_LITERAL_NULL_CONVERSION = YES;
				CLANG_WARN_OBJC_IMPLICIT_RETAIN_SELF = YES;
				CLANG_WARN_OBJC_LITERAL_CONVERSION = YES;
				CLANG_WARN_OBJC_ROOT_CLASS = YES_ERROR;
				CLANG_WARN_QUOTED_INCLUDE_IN_FRAMEWORK_HEADER = YES;
				CLANG_WARN_RANGE_LOOP_ANALYSIS = YES;
				CLANG_WARN_STRICT_PROTOTYPES = YES;
				CLANG_WARN_SUSPICIOUS_MOVE = YES;
				CLANG_WARN_UNGUARDED_AVAILABILITY = YES_AGGRESSIVE;
				CLANG_WARN_UNREACHABLE_CODE = YES;
				CLANG_WARN__DUPLICATE_METHOD_MATCH = YES;
				COPY_PHASE_STRIP = NO;
				DEBUG_INFORMATION_FORMAT = dwarf;
				ENABLE_STRICT_OBJC_MSGSEND = YES;
				ENABLE_TESTABILITY = YES;
				ENABLE_USER_SCRIPT_SANDBOXING = YES;
				GCC_C_LANGUAGE_STANDARD = gnu17;
				GCC_DYNAMIC_NO_PIC = NO;
				GCC_NO_COMMON_BLOCKS = YES;
				GCC_OPTIMIZATION_LEVEL = 0;
				GCC_PREPROCESSOR_DEFINITIONS = (
					"DEBUG=1",
					"$(inherited)",
				);
				GCC_WARN_64_TO_32_BIT_CONVERSION = YES;
				GCC_WARN_ABOUT_RETURN_TYPE = YES_ERROR;
				GCC_WARN_UNDECLARED_SELECTOR = YES;
				GCC_WARN_UNINITIALIZED_AUTOS = YES_AGGRESSIVE;
				GCC_WARN_UNUSED_FUNCTION = YES;
				GCC_WARN_UNUSED_VARIABLE = YES;
				IPHONEOS_DEPLOYMENT_TARGET = 17.4;
				LOCALIZATION_PREFERS_STRING_CATALOGS = YES;
				MTL_ENABLE_DEBUG_INFO = INCLUDE_SOURCE;
				MTL_FAST_MATH = YES;
				ONLY_ACTIVE_ARCH = YES;
				SDKROOT = iphoneos;
				SWIFT_ACTIVE_COMPILATION_CONDITIONS = "DEBUG $(inherited)";
				SWIFT_OPTIMIZATION_LEVEL = "-Onone";
			};
			name = Debug;
		};
		C916B8FC2C104D740050AEF5 /* Release */ = {
			isa = XCBuildConfiguration;
			buildSettings = {
				ALWAYS_SEARCH_USER_PATHS = NO;
				ASSETCATALOG_COMPILER_GENERATE_SWIFT_ASSET_SYMBOL_EXTENSIONS = YES;
				CLANG_ANALYZER_NONNULL = YES;
				CLANG_ANALYZER_NUMBER_OBJECT_CONVERSION = YES_AGGRESSIVE;
				CLANG_CXX_LANGUAGE_STANDARD = "gnu++20";
				CLANG_ENABLE_MODULES = YES;
				CLANG_ENABLE_OBJC_ARC = YES;
				CLANG_ENABLE_OBJC_WEAK = YES;
				CLANG_WARN_BLOCK_CAPTURE_AUTORELEASING = YES;
				CLANG_WARN_BOOL_CONVERSION = YES;
				CLANG_WARN_COMMA = YES;
				CLANG_WARN_CONSTANT_CONVERSION = YES;
				CLANG_WARN_DEPRECATED_OBJC_IMPLEMENTATIONS = YES;
				CLANG_WARN_DIRECT_OBJC_ISA_USAGE = YES_ERROR;
				CLANG_WARN_DOCUMENTATION_COMMENTS = YES;
				CLANG_WARN_EMPTY_BODY = YES;
				CLANG_WARN_ENUM_CONVERSION = YES;
				CLANG_WARN_INFINITE_RECURSION = YES;
				CLANG_WARN_INT_CONVERSION = YES;
				CLANG_WARN_NON_LITERAL_NULL_CONVERSION = YES;
				CLANG_WARN_OBJC_IMPLICIT_RETAIN_SELF = YES;
				CLANG_WARN_OBJC_LITERAL_CONVERSION = YES;
				CLANG_WARN_OBJC_ROOT_CLASS = YES_ERROR;
				CLANG_WARN_QUOTED_INCLUDE_IN_FRAMEWORK_HEADER = YES;
				CLANG_WARN_RANGE_LOOP_ANALYSIS = YES;
				CLANG_WARN_STRICT_PROTOTYPES = YES;
				CLANG_WARN_SUSPICIOUS_MOVE = YES;
				CLANG_WARN_UNGUARDED_AVAILABILITY = YES_AGGRESSIVE;
				CLANG_WARN_UNREACHABLE_CODE = YES;
				CLANG_WARN__DUPLICATE_METHOD_MATCH = YES;
				COPY_PHASE_STRIP = NO;
				DEBUG_INFORMATION_FORMAT = "dwarf-with-dsym";
				ENABLE_NS_ASSERTIONS = NO;
				ENABLE_STRICT_OBJC_MSGSEND = YES;
				ENABLE_USER_SCRIPT_SANDBOXING = YES;
				GCC_C_LANGUAGE_STANDARD = gnu17;
				GCC_NO_COMMON_BLOCKS = YES;
				GCC_WARN_64_TO_32_BIT_CONVERSION = YES;
				GCC_WARN_ABOUT_RETURN_TYPE = YES_ERROR;
				GCC_WARN_UNDECLARED_SELECTOR = YES;
				GCC_WARN_UNINITIALIZED_AUTOS = YES_AGGRESSIVE;
				GCC_WARN_UNUSED_FUNCTION = YES;
				GCC_WARN_UNUSED_VARIABLE = YES;
				IPHONEOS_DEPLOYMENT_TARGET = 17.4;
				LOCALIZATION_PREFERS_STRING_CATALOGS = YES;
				MTL_ENABLE_DEBUG_INFO = NO;
				MTL_FAST_MATH = YES;
				SDKROOT = iphoneos;
				SWIFT_COMPILATION_MODE = wholemodule;
				VALIDATE_PRODUCT = YES;
			};
			name = Release;
		};
		C916B8FE2C104D740050AEF5 /* Debug */ = {
			isa = XCBuildConfiguration;
			buildSettings = {
				ASSETCATALOG_COMPILER_APPICON_NAME = AppIcon;
				ASSETCATALOG_COMPILER_GLOBAL_ACCENT_COLOR_NAME = AccentColor;
				CODE_SIGN_STYLE = Automatic;
				CURRENT_PROJECT_VERSION = 1;
				GENERATE_INFOPLIST_FILE = YES;
				INFOPLIST_FILE = LottoLog/Info.plist;
				INFOPLIST_KEY_UIApplicationSupportsIndirectInputEvents = YES;
				INFOPLIST_KEY_UILaunchStoryboardName = LaunchScreen;
				INFOPLIST_KEY_UISupportedInterfaceOrientations = UIInterfaceOrientationPortrait;
				INFOPLIST_KEY_UISupportedInterfaceOrientations_iPad = UIInterfaceOrientationPortrait;
				IPHONEOS_DEPLOYMENT_TARGET = 16.0;
				LD_RUNPATH_SEARCH_PATHS = (
					"$(inherited)",
					"@executable_path/Frameworks",
				);
				MARKETING_VERSION = 1.0;
				PRODUCT_BUNDLE_IDENTIFIER = com.isakHam.LottoLog;
				PRODUCT_NAME = "$(TARGET_NAME)";
				SUPPORTED_PLATFORMS = "iphoneos iphonesimulator";
				SUPPORTS_MACCATALYST = NO;
				SUPPORTS_MAC_DESIGNED_FOR_IPHONE_IPAD = NO;
				SUPPORTS_XR_DESIGNED_FOR_IPHONE_IPAD = NO;
				SWIFT_EMIT_LOC_STRINGS = YES;
				SWIFT_VERSION = 5.0;
				TARGETED_DEVICE_FAMILY = 1;
			};
			name = Debug;
		};
		C916B8FF2C104D740050AEF5 /* Release */ = {
			isa = XCBuildConfiguration;
			buildSettings = {
				ASSETCATALOG_COMPILER_APPICON_NAME = AppIcon;
				ASSETCATALOG_COMPILER_GLOBAL_ACCENT_COLOR_NAME = AccentColor;
				CODE_SIGN_STYLE = Automatic;
				CURRENT_PROJECT_VERSION = 1;
				GENERATE_INFOPLIST_FILE = YES;
				INFOPLIST_FILE = LottoLog/Info.plist;
				INFOPLIST_KEY_UIApplicationSupportsIndirectInputEvents = YES;
				INFOPLIST_KEY_UILaunchStoryboardName = LaunchScreen;
				INFOPLIST_KEY_UISupportedInterfaceOrientations = UIInterfaceOrientationPortrait;
				INFOPLIST_KEY_UISupportedInterfaceOrientations_iPad = UIInterfaceOrientationPortrait;
				IPHONEOS_DEPLOYMENT_TARGET = 16.0;
				LD_RUNPATH_SEARCH_PATHS = (
					"$(inherited)",
					"@executable_path/Frameworks",
				);
				MARKETING_VERSION = 1.0;
				PRODUCT_BUNDLE_IDENTIFIER = com.isakHam.LottoLog;
				PRODUCT_NAME = "$(TARGET_NAME)";
				SUPPORTED_PLATFORMS = "iphoneos iphonesimulator";
				SUPPORTS_MACCATALYST = NO;
				SUPPORTS_MAC_DESIGNED_FOR_IPHONE_IPAD = NO;
				SUPPORTS_XR_DESIGNED_FOR_IPHONE_IPAD = NO;
				SWIFT_EMIT_LOC_STRINGS = YES;
				SWIFT_VERSION = 5.0;
				TARGETED_DEVICE_FAMILY = 1;
			};
			name = Release;
		};
/* End XCBuildConfiguration section */

/* Begin XCConfigurationList section */
		C916B8E12C104D730050AEF5 /* Build configuration list for PBXProject "LottoLog" */ = {
			isa = XCConfigurationList;
			buildConfigurations = (
				C916B8FB2C104D740050AEF5 /* Debug */,
				C916B8FC2C104D740050AEF5 /* Release */,
			);
			defaultConfigurationIsVisible = 0;
			defaultConfigurationName = Release;
		};
		C916B8FD2C104D740050AEF5 /* Build configuration list for PBXNativeTarget "LottoLog" */ = {
			isa = XCConfigurationList;
			buildConfigurations = (
				C916B8FE2C104D740050AEF5 /* Debug */,
				C916B8FF2C104D740050AEF5 /* Release */,
			);
			defaultConfigurationIsVisible = 0;
			defaultConfigurationName = Release;
		};
/* End XCConfigurationList section */

/* Begin XCRemoteSwiftPackageReference section */
		C916B9022C1055F60050AEF5 /* XCRemoteSwiftPackageReference "Alamofire" */ = {
			isa = XCRemoteSwiftPackageReference;
			repositoryURL = "https://github.com/Alamofire/Alamofire.git";
			requirement = {
				kind = upToNextMajorVersion;
				minimumVersion = 5.9.1;
			};
		};
		C916B9052C1056030050AEF5 /* XCRemoteSwiftPackageReference "SnapKit" */ = {
			isa = XCRemoteSwiftPackageReference;
			repositoryURL = "https://github.com/SnapKit/SnapKit.git";
			requirement = {
				kind = upToNextMajorVersion;
				minimumVersion = 5.7.1;
			};
		};
/* End XCRemoteSwiftPackageReference section */

/* Begin XCSwiftPackageProductDependency section */
		C916B9032C1055F60050AEF5 /* Alamofire */ = {
			isa = XCSwiftPackageProductDependency;
			package = C916B9022C1055F60050AEF5 /* XCRemoteSwiftPackageReference "Alamofire" */;
			productName = Alamofire;
		};
		C916B9062C1056030050AEF5 /* SnapKit */ = {
			isa = XCSwiftPackageProductDependency;
			package = C916B9052C1056030050AEF5 /* XCRemoteSwiftPackageReference "SnapKit" */;
			productName = SnapKit;
		};
/* End XCSwiftPackageProductDependency section */

/* Begin XCVersionGroup section */
		C916B8F22C104D730050AEF5 /* LottoLog.xcdatamodeld */ = {
			isa = XCVersionGroup;
			children = (
				C916B8F32C104D730050AEF5 /* LottoLog.xcdatamodel */,
			);
			currentVersion = C916B8F32C104D730050AEF5 /* LottoLog.xcdatamodel */;
			path = LottoLog.xcdatamodeld;
			sourceTree = "<group>";
			versionGroupType = wrapper.xcdatamodel;
		};
/* End XCVersionGroup section */
	};
	rootObject = C916B8DE2C104D730050AEF5 /* Project object */;
}
